
Microsoft Visual Studio Solution File, Format Version 12.00
# Visual Studio Version 17
VisualStudioVersion = 17.8.34330.188
MinimumVisualStudioVersion = 10.0.40219.1
Project("{FAE04EC0-301F-11D3-BF4B-00C04F79EFBC}") = "ChatApp", "ChatApp\ChatApp.csproj", "{8E4F8D89-19BB-4033-8F28-44160B975A72}"
EndProject
Global
	GlobalSection(SolutionConfigurationPlatforms) = preSolution
		Debug|Any CPU = Debug|Any CPU
		Release|Any CPU = Release|Any CPU
	EndGlobalSection
	GlobalSection(ProjectConfigurationPlatforms) = postSolution
		{8E4F8D89-19BB-4033-8F28-44160B975A72}.Debug|Any CPU.ActiveCfg = Debug|Any CPU
		{8E4F8D89-19BB-4033-8F28-44160B975A72}.Debug|Any CPU.Build.0 = Debug|Any CPU
		{8E4F8D89-19BB-4033-8F28-44160B975A72}.Release|Any CPU.ActiveCfg = Release|Any CPU
		{8E4F8D89-19BB-4033-8F28-44160B975A72}.Release|Any CPU.Build.0 = Release|Any CPU
	EndGlobalSection
	GlobalSection(SolutionProperties) = preSolution
		HideSolutionNode = FALSE
	EndGlobalSection
	GlobalSection(ExtensibilityGlobals) = postSolution
		SolutionGuid = {29BCA9E8-9941-41BA-9746-956B4E1C120E}
	EndGlobalSection
EndGlobal
